// !$*UTF8*$!
{
	archiveVersion = 1;
	classes = {
	};
	objectVersion = 46;
	objects = {

/* Begin PBXBuildFile section */
		E9C75A3616F2B8460001A8E6 /* UIKit.framework in Frameworks */ = {isa = PBXBuildFile; fileRef = E9C75A3516F2B8460001A8E6 /* UIKit.framework */; };
		E9C75A3816F2B8460001A8E6 /* Foundation.framework in Frameworks */ = {isa = PBXBuildFile; fileRef = E9C75A3716F2B8460001A8E6 /* Foundation.framework */; };
		E9C75A3A16F2B8460001A8E6 /* CoreGraphics.framework in Frameworks */ = {isa = PBXBuildFile; fileRef = E9C75A3916F2B8460001A8E6 /* CoreGraphics.framework */; };
		E9C75A4016F2B8460001A8E6 /* InfoPlist.strings in Resources */ = {isa = PBXBuildFile; fileRef = E9C75A3E16F2B8460001A8E6 /* InfoPlist.strings */; };
		E9C75A4216F2B8460001A8E6 /* main.m in Sources */ = {isa = PBXBuildFile; fileRef = E9C75A4116F2B8460001A8E6 /* main.m */; };
		E9C75A4616F2B8460001A8E6 /* AppDelegate.m in Sources */ = {isa = PBXBuildFile; fileRef = E9C75A4516F2B8460001A8E6 /* AppDelegate.m */; };
		E9C75A4816F2B8460001A8E6 /* Default.png in Resources */ = {isa = PBXBuildFile; fileRef = E9C75A4716F2B8460001A8E6 /* Default.png */; };
		E9C75A4A16F2B8460001A8E6 /* Default@2x.png in Resources */ = {isa = PBXBuildFile; fileRef = E9C75A4916F2B8460001A8E6 /* Default@2x.png */; };
		E9C75A4C16F2B8460001A8E6 /* Default-568h@2x.png in Resources */ = {isa = PBXBuildFile; fileRef = E9C75A4B16F2B8460001A8E6 /* Default-568h@2x.png */; };
		E9C75A4F16F2B8460001A8E6 /* ViewController.m in Sources */ = {isa = PBXBuildFile; fileRef = E9C75A4E16F2B8460001A8E6 /* ViewController.m */; };
		E9C75A5216F2B8460001A8E6 /* ViewController_iPhone.xib in Resources */ = {isa = PBXBuildFile; fileRef = E9C75A5016F2B8460001A8E6 /* ViewController_iPhone.xib */; };
		E9C75A5516F2B8460001A8E6 /* ViewController_iPad.xib in Resources */ = {isa = PBXBuildFile; fileRef = E9C75A5316F2B8460001A8E6 /* ViewController_iPad.xib */; };
		E9C75A6D16F2C7D50001A8E6 /* index.html in Resources */ = {isa = PBXBuildFile; fileRef = E9C75A6816F2C7D50001A8E6 /* index.html */; };
		E9C75A6E16F2C7D50001A8E6 /* JSCallFunctions.m in Sources */ = {isa = PBXBuildFile; fileRef = E9C75A6A16F2C7D50001A8E6 /* JSCallFunctions.m */; };
		E9C75A6F16F2C7D50001A8E6 /* json.js in Sources */ = {isa = PBXBuildFile; fileRef = E9C75A6B16F2C7D50001A8E6 /* json.js */; };
		E9C75A7016F2C7D50001A8E6 /* myjs.js in Sources */ = {isa = PBXBuildFile; fileRef = E9C75A6C16F2C7D50001A8E6 /* myjs.js */; };
		E9C75A7116F2C7E20001A8E6 /* json.js in Resources */ = {isa = PBXBuildFile; fileRef = E9C75A6B16F2C7D50001A8E6 /* json.js */; };
		E9C75A7216F2C7E20001A8E6 /* myjs.js in Resources */ = {isa = PBXBuildFile; fileRef = E9C75A6C16F2C7D50001A8E6 /* myjs.js */; };
/* End PBXBuildFile section */

/* Begin PBXFileReference section */
		E9C75A3216F2B8460001A8E6 /* CallJSFunctions.app */ = {isa = PBXFileReference; explicitFileType = wrapper.application; includeInIndex = 0; path = CallJSFunctions.app; sourceTree = BUILT_PRODUCTS_DIR; };
		E9C75A3516F2B8460001A8E6 /* UIKit.framework */ = {isa = PBXFileReference; lastKnownFileType = wrapper.framework; name = UIKit.framework; path = System/Library/Frameworks/UIKit.framework; sourceTree = SDKROOT; };
		E9C75A3716F2B8460001A8E6 /* Foundation.framework */ = {isa = PBXFileReference; lastKnownFileType = wrapper.framework; name = Foundation.framework; path = System/Library/Frameworks/Foundation.framework; sourceTree = SDKROOT; };
		E9C75A3916F2B8460001A8E6 /* CoreGraphics.framework */ = {isa = PBXFileReference; lastKnownFileType = wrapper.framework; name = CoreGraphics.framework; path = System/Library/Frameworks/CoreGraphics.framework; sourceTree = SDKROOT; };
		E9C75A3D16F2B8460001A8E6 /* CallJSFunctions-Info.plist */ = {isa = PBXFileReference; lastKnownFileType = text.plist.xml; path = "CallJSFunctions-Info.plist"; sourceTree = "<group>"; };
		E9C75A3F16F2B8460001A8E6 /* en */ = {isa = PBXFileReference; lastKnownFileType = text.plist.strings; name = en; path = en.lproj/InfoPlist.strings; sourceTree = "<group>"; };
		E9C75A4116F2B8460001A8E6 /* main.m */ = {isa = PBXFileReference; lastKnownFileType = sourcecode.c.objc; path = main.m; sourceTree = "<group>"; };
		E9C75A4316F2B8460001A8E6 /* CallJSFunctions-Prefix.pch */ = {isa = PBXFileReference; lastKnownFileType = sourcecode.c.h; path = "CallJSFunctions-Prefix.pch"; sourceTree = "<group>"; };
		E9C75A4416F2B8460001A8E6 /* AppDelegate.h */ = {isa = PBXFileReference; lastKnownFileType = sourcecode.c.h; path = AppDelegate.h; sourceTree = "<group>"; };
		E9C75A4516F2B8460001A8E6 /* AppDelegate.m */ = {isa = PBXFileReference; lastKnownFileType = sourcecode.c.objc; path = AppDelegate.m; sourceTree = "<group>"; };
		E9C75A4716F2B8460001A8E6 /* Default.png */ = {isa = PBXFileReference; lastKnownFileType = image.png; path = Default.png; sourceTree = "<group>"; };
		E9C75A4916F2B8460001A8E6 /* Default@2x.png */ = {isa = PBXFileReference; lastKnownFileType = image.png; path = "Default@2x.png"; sourceTree = "<group>"; };
		E9C75A4B16F2B8460001A8E6 /* Default-568h@2x.png */ = {isa = PBXFileReference; lastKnownFileType = image.png; path = "Default-568h@2x.png"; sourceTree = "<group>"; };
		E9C75A4D16F2B8460001A8E6 /* ViewController.h */ = {isa = PBXFileReference; lastKnownFileType = sourcecode.c.h; path = ViewController.h; sourceTree = "<group>"; };
		E9C75A4E16F2B8460001A8E6 /* ViewController.m */ = {isa = PBXFileReference; lastKnownFileType = sourcecode.c.objc; path = ViewController.m; sourceTree = "<group>"; };
		E9C75A5116F2B8460001A8E6 /* en */ = {isa = PBXFileReference; lastKnownFileType = file.xib; name = en; path = en.lproj/ViewController_iPhone.xib; sourceTree = "<group>"; };
		E9C75A5416F2B8460001A8E6 /* en */ = {isa = PBXFileReference; lastKnownFileType = file.xib; name = en; path = en.lproj/ViewController_iPad.xib; sourceTree = "<group>"; };
		E9C75A6816F2C7D50001A8E6 /* index.html */ = {isa = PBXFileReference; fileEncoding = 4; lastKnownFileType = text.html; path = index.html; sourceTree = "<group>"; };
		E9C75A6916F2C7D50001A8E6 /* JSCallFunctions.h */ = {isa = PBXFileReference; fileEncoding = 4; lastKnownFileType = sourcecode.c.h; path = JSCallFunctions.h; sourceTree = "<group>"; };
		E9C75A6A16F2C7D50001A8E6 /* JSCallFunctions.m */ = {isa = PBXFileReference; fileEncoding = 4; lastKnownFileType = sourcecode.c.objc; path = JSCallFunctions.m; sourceTree = "<group>"; };
		E9C75A6B16F2C7D50001A8E6 /* json.js */ = {isa = PBXFileReference; fileEncoding = 4; lastKnownFileType = sourcecode.javascript; path = json.js; sourceTree = "<group>"; };
		E9C75A6C16F2C7D50001A8E6 /* myjs.js */ = {isa = PBXFileReference; fileEncoding = 4; lastKnownFileType = sourcecode.javascript; path = myjs.js; sourceTree = "<group>"; };
/* End PBXFileReference section */

/* Begin PBXFrameworksBuildPhase section */
		E9C75A2F16F2B8460001A8E6 /* Frameworks */ = {
			isa = PBXFrameworksBuildPhase;
			buildActionMask = 2147483647;
			files = (
				E9C75A3616F2B8460001A8E6 /* UIKit.framework in Frameworks */,
				E9C75A3816F2B8460001A8E6 /* Foundation.framework in Frameworks */,
				E9C75A3A16F2B8460001A8E6 /* CoreGraphics.framework in Frameworks */,
			);
			runOnlyForDeploymentPostprocessing = 0;
		};
/* End PBXFrameworksBuildPhase section */

/* Begin PBXGroup section */
		E9C75A2916F2B8460001A8E6 = {
			isa = PBXGroup;
			children = (
				E9C75A3B16F2B8460001A8E6 /* CallJSFunctions */,
				E9C75A3416F2B8460001A8E6 /* Frameworks */,
				E9C75A3316F2B8460001A8E6 /* Products */,
			);
			sourceTree = "<group>";
		};
		E9C75A3316F2B8460001A8E6 /* Products */ = {
			isa = PBXGroup;
			children = (
				E9C75A3216F2B8460001A8E6 /* CallJSFunctions.app */,
			);
			name = Products;
			sourceTree = "<group>";
		};
		E9C75A3416F2B8460001A8E6 /* Frameworks */ = {
			isa = PBXGroup;
			children = (
				E9C75A3516F2B8460001A8E6 /* UIKit.framework */,
				E9C75A3716F2B8460001A8E6 /* Foundation.framework */,
				E9C75A3916F2B8460001A8E6 /* CoreGraphics.framework */,
			);
			name = Frameworks;
			sourceTree = "<group>";
		};
		E9C75A3B16F2B8460001A8E6 /* CallJSFunctions */ = {
			isa = PBXGroup;
			children = (
				E9C75A6716F2C7D50001A8E6 /* JSCallFunctions */,
				E9C75A4416F2B8460001A8E6 /* AppDelegate.h */,
				E9C75A4516F2B8460001A8E6 /* AppDelegate.m */,
				E9C75A4D16F2B8460001A8E6 /* ViewController.h */,
				E9C75A4E16F2B8460001A8E6 /* ViewController.m */,
				E9C75A5016F2B8460001A8E6 /* ViewController_iPhone.xib */,
				E9C75A5316F2B8460001A8E6 /* ViewController_iPad.xib */,
				E9C75A3C16F2B8460001A8E6 /* Supporting Files */,
			);
			path = CallJSFunctions;
			sourceTree = "<group>";
		};
		E9C75A3C16F2B8460001A8E6 /* Supporting Files */ = {
			isa = PBXGroup;
			children = (
				E9C75A3D16F2B8460001A8E6 /* CallJSFunctions-Info.plist */,
				E9C75A3E16F2B8460001A8E6 /* InfoPlist.strings */,
				E9C75A4116F2B8460001A8E6 /* main.m */,
				E9C75A4316F2B8460001A8E6 /* CallJSFunctions-Prefix.pch */,
				E9C75A4716F2B8460001A8E6 /* Default.png */,
				E9C75A4916F2B8460001A8E6 /* Default@2x.png */,
				E9C75A4B16F2B8460001A8E6 /* Default-568h@2x.png */,
			);
			name = "Supporting Files";
			sourceTree = "<group>";
		};
		E9C75A6716F2C7D50001A8E6 /* JSCallFunctions */ = {
			isa = PBXGroup;
			children = (
				E9C75A6816F2C7D50001A8E6 /* index.html */,
				E9C75A6916F2C7D50001A8E6 /* JSCallFunctions.h */,
				E9C75A6A16F2C7D50001A8E6 /* JSCallFunctions.m */,
				E9C75A6B16F2C7D50001A8E6 /* json.js */,
				E9C75A6C16F2C7D50001A8E6 /* myjs.js */,
			);
			path = JSCallFunctions;
			sourceTree = "<group>";
		};
/* End PBXGroup section */

/* Begin PBXNativeTarget section */
		E9C75A3116F2B8460001A8E6 /* CallJSFunctions */ = {
			isa = PBXNativeTarget;
			buildConfigurationList = E9C75A5816F2B8460001A8E6 /* Build configuration list for PBXNativeTarget "CallJSFunctions" */;
			buildPhases = (
				E9C75A2E16F2B8460001A8E6 /* Sources */,
				E9C75A2F16F2B8460001A8E6 /* Frameworks */,
				E9C75A3016F2B8460001A8E6 /* Resources */,
			);
			buildRules = (
			);
			dependencies = (
			);
			name = CallJSFunctions;
			productName = CallJSFunctions;
			productReference = E9C75A3216F2B8460001A8E6 /* CallJSFunctions.app */;
			productType = "com.apple.product-type.application";
		};
/* End PBXNativeTarget section */

/* Begin PBXProject section */
		E9C75A2A16F2B8460001A8E6 /* Project object */ = {
			isa = PBXProject;
			attributes = {
				LastUpgradeCheck = 0460;
				ORGANIZATIONNAME = Codespot;
			};
			buildConfigurationList = E9C75A2D16F2B8460001A8E6 /* Build configuration list for PBXProject "CallJSFunctions" */;
			compatibilityVersion = "Xcode 3.2";
			developmentRegion = English;
			hasScannedForEncodings = 0;
			knownRegions = (
				en,
			);
			mainGroup = E9C75A2916F2B8460001A8E6;
			productRefGroup = E9C75A3316F2B8460001A8E6 /* Products */;
			projectDirPath = "";
			projectRoot = "";
			targets = (
				E9C75A3116F2B8460001A8E6 /* CallJSFunctions */,
			);
		};
/* End PBXProject section */

/* Begin PBXResourcesBuildPhase section */
		E9C75A3016F2B8460001A8E6 /* Resources */ = {
			isa = PBXResourcesBuildPhase;
			buildActionMask = 2147483647;
			files = (
				E9C75A7116F2C7E20001A8E6 /* json.js in Resources */,
				E9C75A7216F2C7E20001A8E6 /* myjs.js in Resources */,
				E9C75A4016F2B8460001A8E6 /* InfoPlist.strings in Resources */,
				E9C75A4816F2B8460001A8E6 /* Default.png in Resources */,
				E9C75A4A16F2B8460001A8E6 /* Default@2x.png in Resources */,
				E9C75A4C16F2B8460001A8E6 /* Default-568h@2x.png in Resources */,
				E9C75A5216F2B8460001A8E6 /* ViewController_iPhone.xib in Resources */,
				E9C75A5516F2B8460001A8E6 /* ViewController_iPad.xib in Resources */,
				E9C75A6D16F2C7D50001A8E6 /* index.html in Resources */,
			);
			runOnlyForDeploymentPostprocessing = 0;
		};
/* End PBXResourcesBuildPhase section */

/* Begin PBXSourcesBuildPhase section */
		E9C75A2E16F2B8460001A8E6 /* Sources */ = {
			isa = PBXSourcesBuildPhase;
			buildActionMask = 2147483647;
			files = (
				E9C75A4216F2B8460001A8E6 /* main.m in Sources */,
				E9C75A4616F2B8460001A8E6 /* AppDelegate.m in Sources */,
				E9C75A4F16F2B8460001A8E6 /* ViewController.m in Sources */,
				E9C75A6E16F2C7D50001A8E6 /* JSCallFunctions.m in Sources */,
				E9C75A6F16F2C7D50001A8E6 /* json.js in Sources */,
				E9C75A7016F2C7D50001A8E6 /* myjs.js in Sources */,
			);
			runOnlyForDeploymentPostprocessing = 0;
		};
/* End PBXSourcesBuildPhase section */

/* Begin PBXVariantGroup section */
		E9C75A3E16F2B8460001A8E6 /* InfoPlist.strings */ = {
			isa = PBXVariantGroup;
			children = (
				E9C75A3F16F2B8460001A8E6 /* en */,
			);
			name = InfoPlist.strings;
			sourceTree = "<group>";
		};
		E9C75A5016F2B8460001A8E6 /* ViewController_iPhone.xib */ = {
			isa = PBXVariantGroup;
			children = (
				E9C75A5116F2B8460001A8E6 /* en */,
			);
			name = ViewController_iPhone.xib;
			sourceTree = "<group>";
		};
		E9C75A5316F2B8460001A8E6 /* ViewController_iPad.xib */ = {
			isa = PBXVariantGroup;
			children = (
				E9C75A5416F2B8460001A8E6 /* en */,
			);
			name = ViewController_iPad.xib;
			sourceTree = "<group>";
		};
/* End PBXVariantGroup section */

/* Begin XCBuildConfiguration section */
		E9C75A5616F2B8460001A8E6 /* Debug */ = {
			isa = XCBuildConfiguration;
			buildSettings = {
				ALWAYS_SEARCH_USER_PATHS = NO;
				CLANG_CXX_LANGUAGE_STANDARD = "gnu++0x";
				CLANG_CXX_LIBRARY = "libc++";
				CLANG_WARN_CONSTANT_CONVERSION = YES;
				CLANG_WARN_EMPTY_BODY = YES;
				CLANG_WARN_ENUM_CONVERSION = YES;
				CLANG_WARN_INT_CONVERSION = YES;
				CLANG_WARN__DUPLICATE_METHOD_MATCH = YES;
				"CODE_SIGN_IDENTITY[sdk=iphoneos*]" = "iPhone Developer";
				COPY_PHASE_STRIP = NO;
				GCC_C_LANGUAGE_STANDARD = gnu99;
				GCC_DYNAMIC_NO_PIC = NO;
				GCC_OPTIMIZATION_LEVEL = 0;
				GCC_PREPROCESSOR_DEFINITIONS = (
					"DEBUG=1",
					"$(inherited)",
				);
				GCC_SYMBOLS_PRIVATE_EXTERN = NO;
				GCC_WARN_ABOUT_RETURN_TYPE = YES;
				GCC_WARN_UNINITIALIZED_AUTOS = YES;
				GCC_WARN_UNUSED_VARIABLE = YES;
				IPHONEOS_DEPLOYMENT_TARGET = 4.3;
				ONLY_ACTIVE_ARCH = YES;
				SDKROOT = iphoneos;
				TARGETED_DEVICE_FAMILY = "1,2";
			};
			name = Debug;
		};
		E9C75A5716F2B8460001A8E6 /* Release */ = {
			isa = XCBuildConfiguration;
			buildSettings = {
				ALWAYS_SEARCH_USER_PATHS = NO;
				CLANG_CXX_LANGUAGE_STANDARD = "gnu++0x";
				CLANG_CXX_LIBRARY = "libc++";
				CLANG_WARN_CONSTANT_CONVERSION = YES;
				CLANG_WARN_EMPTY_BODY = YES;
				CLANG_WARN_ENUM_CONVERSION = YES;
				CLANG_WARN_INT_CONVERSION = YES;
				CLANG_WARN__DUPLICATE_METHOD_MATCH = YES;
				"CODE_SIGN_IDENTITY[sdk=iphoneos*]" = "iPhone Developer";
				COPY_PHASE_STRIP = YES;
				GCC_C_LANGUAGE_STANDARD = gnu99;
				GCC_WARN_ABOUT_RETURN_TYPE = YES;
				GCC_WARN_UNINITIALIZED_AUTOS = YES;
				GCC_WARN_UNUSED_VARIABLE = YES;
				IPHONEOS_DEPLOYMENT_TARGET = 4.3;
				OTHER_CFLAGS = "-DNS_BLOCK_ASSERTIONS=1";
				SDKROOT = iphoneos;
				TARGETED_DEVICE_FAMILY = "1,2";
				VALIDATE_PRODUCT = YES;
			};
			name = Release;
		};
		E9C75A5916F2B8460001A8E6 /* Debug */ = {
			isa = XCBuildConfiguration;
			buildSettings = {
				GCC_PRECOMPILE_PREFIX_HEADER = YES;
				GCC_PREFIX_HEADER = "CallJSFunctions/CallJSFunctions-Prefix.pch";
				INFOPLIST_FILE = "CallJSFunctions/CallJSFunctions-Info.plist";
				PRODUCT_NAME = "$(TARGET_NAME)";
				WRAPPER_EXTENSION = app;
			};
			name = Debug;
		};
		E9C75A5A16F2B8460001A8E6 /* Release */ = {
			isa = XCBuildConfiguration;
			buildSettings = {
				GCC_PRECOMPILE_PREFIX_HEADER = YES;
				GCC_PREFIX_HEADER = "CallJSFunctions/CallJSFunctions-Prefix.pch";
				INFOPLIST_FILE = "CallJSFunctions/CallJSFunctions-Info.plist";
				PRODUCT_NAME = "$(TARGET_NAME)";
				WRAPPER_EXTENSION = app;
			};
			name = Release;
		};
/* End XCBuildConfiguration section */

/* Begin XCConfigurationList section */
		E9C75A2D16F2B8460001A8E6 /* Build configuration list for PBXProject "CallJSFunctions" */ = {
			isa = XCConfigurationList;
			buildConfigurations = (
				E9C75A5616F2B8460001A8E6 /* Debug */,
				E9C75A5716F2B8460001A8E6 /* Release */,
			);
			defaultConfigurationIsVisible = 0;
			defaultConfigurationName = Release;
		};
		E9C75A5816F2B8460001A8E6 /* Build configuration list for PBXNativeTarget "CallJSFunctions" */ = {
			isa = XCConfigurationList;
			buildConfigurations = (
				E9C75A5916F2B8460001A8E6 /* Debug */,
				E9C75A5A16F2B8460001A8E6 /* Release */,
			);
			defaultConfigurationIsVisible = 0;
		};
/* End XCConfigurationList section */
	};
	rootObject = E9C75A2A16F2B8460001A8E6 /* Project object */;
}
